
Microsoft Visual Studio Solution File, Format Version 12.00
# Visual Studio Version 17
VisualStudioVersion = 17.5.33516.290
MinimumVisualStudioVersion = 10.0.40219.1
Project("{8BC9CEB8-8B4A-11D0-8D11-00A0C91BC942}") = "BoardGame_Logic", "BoardGame_Logic\BoardGame_Logic.vcxproj", "{024ED534-1C5B-4153-AEE4-72CEEF8B6840}"
EndProject
Global
	GlobalSection(SolutionConfigurationPlatforms) = preSolution
		Debug|x64 = Debug|x64
		Debug|x86 = Debug|x86
		Release|x64 = Release|x64
		Release|x86 = Release|x86
	EndGlobalSection
	GlobalSection(ProjectConfigurationPlatforms) = postSolution
		{024ED534-1C5B-4153-AEE4-72CEEF8B6840}.Debug|x64.ActiveCfg = Debug|x64
		{024ED534-1C5B-4153-AEE4-72CEEF8B6840}.Debug|x64.Build.0 = Debug|x64
		{024ED534-1C5B-4153-AEE4-72CEEF8B6840}.Debug|x86.ActiveCfg = Debug|Win32
		{024ED534-1C5B-4153-AEE4-72CEEF8B6840}.Debug|x86.Build.0 = Debug|Win32
		{024ED534-1C5B-4153-AEE4-72CEEF8B6840}.Release|x64.ActiveCfg = Release|x64
		{024ED534-1C5B-4153-AEE4-72CEEF8B6840}.Release|x64.Build.0 = Release|x64
		{024ED534-1C5B-4153-AEE4-72CEEF8B6840}.Release|x86.ActiveCfg = Release|Win32
		{024ED534-1C5B-4153-AEE4-72CEEF8B6840}.Release|x86.Build.0 = Release|Win32
	EndGlobalSection
	GlobalSection(SolutionProperties) = preSolution
		HideSolutionNode = FALSE
	EndGlobalSection
	GlobalSection(ExtensibilityGlobals) = postSolution
		SolutionGuid = {9075C5DA-0740-47F7-9011-5F1B0C2A72CF}
	EndGlobalSection
EndGlobal
